<?xml version="1.0" encoding="UTF-8"?>
<Project ToolsVersion="14.0" xmlns="http://schemas.microsoft.com/developer/msbuild/2003">
  <ItemGroup>
    <CustomBuild Include="D:\Academic-Research\My Papers\FishEyeCodeMaterials\FishEyeStitcher\build_x64_vs15\CMakeFiles\811045b37f5285130ab29042d8a39f79\generate.stamp.rule">
      <Filter>CMake Rules</Filter>
    </CustomBuild>
  </ItemGroup>
  <ItemGroup>
    <Filter Include="CMake Rules">
      <UniqueIdentifier>{5849D74A-17B8-307E-BFFB-FB0DCAB84401}</UniqueIdentifier>
    </Filter>
  </ItemGroup>
</Project>
