<?xml version="1.0" encoding="UTF-8"?>
<Project ToolsVersion="14.0" xmlns="http://schemas.microsoft.com/developer/msbuild/2003">
  <ItemGroup>
    <ClCompile Include="D:\Academic-Research\My Papers\FishEyeCodeMaterials\FishEyeStitcher\FishEyeStitcher\src\AdvanceWarpFish.cpp">
      <Filter>Source Files</Filter>
    </ClCompile>
    <ClCompile Include="D:\Academic-Research\My Papers\FishEyeCodeMaterials\FishEyeStitcher\FishEyeStitcher\src\EstimateFish.cpp">
      <Filter>Source Files</Filter>
    </ClCompile>
    <ClCompile Include="D:\Academic-Research\My Papers\FishEyeCodeMaterials\FishEyeStitcher\FishEyeStitcher\src\FineMapping.cpp">
      <Filter>Source Files</Filter>
    </ClCompile>
    <ClCompile Include="D:\Academic-Research\My Papers\FishEyeCodeMaterials\FishEyeStitcher\FishEyeStitcher\src\FishCamera.cpp">
      <Filter>Source Files</Filter>
    </ClCompile>
    <ClCompile Include="D:\Academic-Research\My Papers\FishEyeCodeMaterials\FishEyeStitcher\FishEyeStitcher\src\FishOptimizer.cpp">
      <Filter>Source Files</Filter>
    </ClCompile>
    <ClCompile Include="D:\Academic-Research\My Papers\FishEyeCodeMaterials\FishEyeStitcher\FishEyeStitcher\src\FishStitcher.cpp">
      <Filter>Source Files</Filter>
    </ClCompile>
    <ClCompile Include="D:\Academic-Research\My Papers\FishEyeCodeMaterials\FishEyeStitcher\FishEyeStitcher\src\FishStitcherMain.cpp">
      <Filter>Source Files</Filter>
    </ClCompile>
    <ClCompile Include="D:\Academic-Research\My Papers\FishEyeCodeMaterials\FishEyeStitcher\FishEyeStitcher\src\HDRMerger.cpp">
      <Filter>Source Files</Filter>
    </ClCompile>
    <ClCompile Include="D:\Academic-Research\My Papers\FishEyeCodeMaterials\FishEyeStitcher\FishEyeStitcher\src\ORBMatcher.cpp">
      <Filter>Source Files</Filter>
    </ClCompile>
    <ClCompile Include="D:\Academic-Research\My Papers\FishEyeCodeMaterials\FishEyeStitcher\FishEyeStitcher\src\ORBextractor.cpp">
      <Filter>Source Files</Filter>
    </ClCompile>
    <ClCompile Include="D:\Academic-Research\My Papers\FishEyeCodeMaterials\FishEyeStitcher\FishEyeStitcher\src\SequenceMatcher.cpp">
      <Filter>Source Files</Filter>
    </ClCompile>
  </ItemGroup>
  <ItemGroup>
    <ClInclude Include="D:\Academic-Research\My Papers\FishEyeCodeMaterials\FishEyeStitcher\FishEyeStitcher\include\AdvanceWarpFish.h">
      <Filter>Header Files</Filter>
    </ClInclude>
    <ClInclude Include="D:\Academic-Research\My Papers\FishEyeCodeMaterials\FishEyeStitcher\FishEyeStitcher\include\EstimateFish.h">
      <Filter>Header Files</Filter>
    </ClInclude>
    <ClInclude Include="D:\Academic-Research\My Papers\FishEyeCodeMaterials\FishEyeStitcher\FishEyeStitcher\include\FineMapping.h">
      <Filter>Header Files</Filter>
    </ClInclude>
    <ClInclude Include="D:\Academic-Research\My Papers\FishEyeCodeMaterials\FishEyeStitcher\FishEyeStitcher\include\FishCamera.h">
      <Filter>Header Files</Filter>
    </ClInclude>
    <ClInclude Include="D:\Academic-Research\My Papers\FishEyeCodeMaterials\FishEyeStitcher\FishEyeStitcher\include\FishOptimizer.h">
      <Filter>Header Files</Filter>
    </ClInclude>
    <ClInclude Include="D:\Academic-Research\My Papers\FishEyeCodeMaterials\FishEyeStitcher\FishEyeStitcher\include\FishStitcher.h">
      <Filter>Header Files</Filter>
    </ClInclude>
    <ClInclude Include="D:\Academic-Research\My Papers\FishEyeCodeMaterials\FishEyeStitcher\FishEyeStitcher\include\FishStitcherMain.h">
      <Filter>Header Files</Filter>
    </ClInclude>
    <ClInclude Include="D:\Academic-Research\My Papers\FishEyeCodeMaterials\FishEyeStitcher\FishEyeStitcher\include\HDRMerger.h">
      <Filter>Header Files</Filter>
    </ClInclude>
    <ClInclude Include="D:\Academic-Research\My Papers\FishEyeCodeMaterials\FishEyeStitcher\FishEyeStitcher\include\ORBMatcher.h">
      <Filter>Header Files</Filter>
    </ClInclude>
    <ClInclude Include="D:\Academic-Research\My Papers\FishEyeCodeMaterials\FishEyeStitcher\FishEyeStitcher\include\ORBextractor.h">
      <Filter>Header Files</Filter>
    </ClInclude>
    <ClInclude Include="D:\Academic-Research\My Papers\FishEyeCodeMaterials\FishEyeStitcher\FishEyeStitcher\include\OpencvCommon.h">
      <Filter>Header Files</Filter>
    </ClInclude>
    <ClInclude Include="D:\Academic-Research\My Papers\FishEyeCodeMaterials\FishEyeStitcher\FishEyeStitcher\include\Ransac.h">
      <Filter>Header Files</Filter>
    </ClInclude>
    <ClInclude Include="D:\Academic-Research\My Papers\FishEyeCodeMaterials\FishEyeStitcher\FishEyeStitcher\include\SequenceMatcher.h">
      <Filter>Header Files</Filter>
    </ClInclude>
    <ClInclude Include="D:\Academic-Research\My Papers\FishEyeCodeMaterials\FishEyeStitcher\FishEyeStitcher\include\TraverFolder.h">
      <Filter>Header Files</Filter>
    </ClInclude>
    <ClInclude Include="D:\Academic-Research\My Papers\FishEyeCodeMaterials\FishEyeStitcher\FishEyeStitcher\include\char_and_wchar.h">
      <Filter>Header Files</Filter>
    </ClInclude>
  </ItemGroup>
  <ItemGroup>
    <CustomBuild Include="D:\Academic-Research\My Papers\FishEyeCodeMaterials\FishEyeStitcher\FishEyeStitcher\CMakeLists.txt" />
  </ItemGroup>
  <ItemGroup>
    <Filter Include="Source Files">
      <UniqueIdentifier>{57833D6A-399F-37A9-9D59-C3051F61D6D9}</UniqueIdentifier>
    </Filter>
    <Filter Include="Header Files">
      <UniqueIdentifier>{0D6E7784-826B-3C94-A6DD-BC57A9D212A3}</UniqueIdentifier>
    </Filter>
  </ItemGroup>
</Project>
